{
  "name": "tool-hai",
  "version": "1.0.0",
  "lockfileVersion": 1,
  "requires": true,
  "dependencies": {
    "li-hai-utils": {
      "version": "1.0.3",
      "resolved": "https://registry.npmjs.org/li-hai-utils/-/li-hai-utils-1.0.3.tgz",
      "integrity": "sha512-BEltBO7QjukZIRlsbi20cK8t4vtL1KhJppjTOPahSppKKSArx+hlBKeJGNxk3T8dJjl/PYP+SBSo7T+ce6ZqnA=="
    }
  }
}
